
Microsoft Visual Studio Solution File, Format Version 12.00
# Visual Studio 15
VisualStudioVersion = 15.0.27428.2011
MinimumVisualStudioVersion = 10.0.40219.1
Project("{9A19103F-16F7-4668-BE54-9A1E7A4F7556}") = "Stratis.UI.Cmd", "Stratis.UI.Cmd\Stratis.UI.Cmd.csproj", "{BF3E834B-616A-4EF8-BA4B-DC9E80D63BFF}"
EndProject
Project("{9A19103F-16F7-4668-BE54-9A1E7A4F7556}") = "Stratis.Domain", "Stratis.Domain\Stratis.Domain.csproj", "{4C65D422-C993-4E90-85AB-BC496B502221}"
EndProject
Project("{FAE04EC0-301F-11D3-BF4B-00C04F79EFBC}") = "Stratis.Android", "Stratis\Stratis.Android\Stratis.Android.csproj", "{E25B5A07-A828-4B2A-B9E1-75FA6A0890B6}"
EndProject
Project("{FAE04EC0-301F-11D3-BF4B-00C04F79EFBC}") = "Stratis.iOS", "Stratis\Stratis.iOS\Stratis.iOS.csproj", "{A9108782-9CD1-48ED-B5CF-D136ABB044E9}"
EndProject
Project("{FAE04EC0-301F-11D3-BF4B-00C04F79EFBC}") = "Stratis.UWP", "Stratis\Stratis.UWP\Stratis.UWP.csproj", "{D17C2F67-550C-43C8-B0CD-428E110C1D66}"
EndProject
Project("{FAE04EC0-301F-11D3-BF4B-00C04F79EFBC}") = "Stratis", "Stratis\Stratis\Stratis.csproj", "{CBDB5288-8ED4-4338-B8FE-59D4AB61F88F}"
EndProject
Global
	GlobalSection(SolutionConfigurationPlatforms) = preSolution
		Ad-Hoc|Any CPU = Ad-Hoc|Any CPU
		Ad-Hoc|ARM = Ad-Hoc|ARM
		Ad-Hoc|iPhone = Ad-Hoc|iPhone
		Ad-Hoc|iPhoneSimulator = Ad-Hoc|iPhoneSimulator
		Ad-Hoc|x64 = Ad-Hoc|x64
		Ad-Hoc|x86 = Ad-Hoc|x86
		AppStore|Any CPU = AppStore|Any CPU
		AppStore|ARM = AppStore|ARM
		AppStore|iPhone = AppStore|iPhone
		AppStore|iPhoneSimulator = AppStore|iPhoneSimulator
		AppStore|x64 = AppStore|x64
		AppStore|x86 = AppStore|x86
		Debug|Any CPU = Debug|Any CPU
		Debug|ARM = Debug|ARM
		Debug|iPhone = Debug|iPhone
		Debug|iPhoneSimulator = Debug|iPhoneSimulator
		Debug|x64 = Debug|x64
		Debug|x86 = Debug|x86
		Release|Any CPU = Release|Any CPU
		Release|ARM = Release|ARM
		Release|iPhone = Release|iPhone
		Release|iPhoneSimulator = Release|iPhoneSimulator
		Release|x64 = Release|x64
		Release|x86 = Release|x86
	EndGlobalSection
	GlobalSection(ProjectConfigurationPlatforms) = postSolution
		{BF3E834B-616A-4EF8-BA4B-DC9E80D63BFF}.Ad-Hoc|Any CPU.ActiveCfg = Release|Any CPU
		{BF3E834B-616A-4EF8-BA4B-DC9E80D63BFF}.Ad-Hoc|Any CPU.Build.0 = Release|Any CPU
		{BF3E834B-616A-4EF8-BA4B-DC9E80D63BFF}.Ad-Hoc|ARM.ActiveCfg = Release|Any CPU
		{BF3E834B-616A-4EF8-BA4B-DC9E80D63BFF}.Ad-Hoc|ARM.Build.0 = Release|Any CPU
		{BF3E834B-616A-4EF8-BA4B-DC9E80D63BFF}.Ad-Hoc|iPhone.ActiveCfg = Release|Any CPU
		{BF3E834B-616A-4EF8-BA4B-DC9E80D63BFF}.Ad-Hoc|iPhone.Build.0 = Release|Any CPU
		{BF3E834B-616A-4EF8-BA4B-DC9E80D63BFF}.Ad-Hoc|iPhoneSimulator.ActiveCfg = Release|Any CPU
		{BF3E834B-616A-4EF8-BA4B-DC9E80D63BFF}.Ad-Hoc|iPhoneSimulator.Build.0 = Release|Any CPU
		{BF3E834B-616A-4EF8-BA4B-DC9E80D63BFF}.Ad-Hoc|x64.ActiveCfg = Release|Any CPU
		{BF3E834B-616A-4EF8-BA4B-DC9E80D63BFF}.Ad-Hoc|x64.Build.0 = Release|Any CPU
		{BF3E834B-616A-4EF8-BA4B-DC9E80D63BFF}.Ad-Hoc|x86.ActiveCfg = Release|Any CPU
		{BF3E834B-616A-4EF8-BA4B-DC9E80D63BFF}.Ad-Hoc|x86.Build.0 = Release|Any CPU
		{BF3E834B-616A-4EF8-BA4B-DC9E80D63BFF}.AppStore|Any CPU.ActiveCfg = Release|Any CPU
		{BF3E834B-616A-4EF8-BA4B-DC9E80D63BFF}.AppStore|Any CPU.Build.0 = Release|Any CPU
		{BF3E834B-616A-4EF8-BA4B-DC9E80D63BFF}.AppStore|ARM.ActiveCfg = Release|Any CPU
		{BF3E834B-616A-4EF8-BA4B-DC9E80D63BFF}.AppStore|ARM.Build.0 = Release|Any CPU
		{BF3E834B-616A-4EF8-BA4B-DC9E80D63BFF}.AppStore|iPhone.ActiveCfg = Release|Any CPU
		{BF3E834B-616A-4EF8-BA4B-DC9E80D63BFF}.AppStore|iPhone.Build.0 = Release|Any CPU
		{BF3E834B-616A-4EF8-BA4B-DC9E80D63BFF}.AppStore|iPhoneSimulator.ActiveCfg = Release|Any CPU
		{BF3E834B-616A-4EF8-BA4B-DC9E80D63BFF}.AppStore|iPhoneSimulator.Build.0 = Release|Any CPU
		{BF3E834B-616A-4EF8-BA4B-DC9E80D63BFF}.AppStore|x64.ActiveCfg = Release|Any CPU
		{BF3E834B-616A-4EF8-BA4B-DC9E80D63BFF}.AppStore|x64.Build.0 = Release|Any CPU
		{BF3E834B-616A-4EF8-BA4B-DC9E80D63BFF}.AppStore|x86.ActiveCfg = Release|Any CPU
		{BF3E834B-616A-4EF8-BA4B-DC9E80D63BFF}.AppStore|x86.Build.0 = Release|Any CPU
		{BF3E834B-616A-4EF8-BA4B-DC9E80D63BFF}.Debug|Any CPU.ActiveCfg = Debug|Any CPU
		{BF3E834B-616A-4EF8-BA4B-DC9E80D63BFF}.Debug|Any CPU.Build.0 = Debug|Any CPU
		{BF3E834B-616A-4EF8-BA4B-DC9E80D63BFF}.Debug|ARM.ActiveCfg = Debug|Any CPU
		{BF3E834B-616A-4EF8-BA4B-DC9E80D63BFF}.Debug|ARM.Build.0 = Debug|Any CPU
		{BF3E834B-616A-4EF8-BA4B-DC9E80D63BFF}.Debug|iPhone.ActiveCfg = Debug|Any CPU
		{BF3E834B-616A-4EF8-BA4B-DC9E80D63BFF}.Debug|iPhone.Build.0 = Debug|Any CPU
		{BF3E834B-616A-4EF8-BA4B-DC9E80D63BFF}.Debug|iPhoneSimulator.ActiveCfg = Debug|Any CPU
		{BF3E834B-616A-4EF8-BA4B-DC9E80D63BFF}.Debug|iPhoneSimulator.Build.0 = Debug|Any CPU
		{BF3E834B-616A-4EF8-BA4B-DC9E80D63BFF}.Debug|x64.ActiveCfg = Debug|Any CPU
		{BF3E834B-616A-4EF8-BA4B-DC9E80D63BFF}.Debug|x64.Build.0 = Debug|Any CPU
		{BF3E834B-616A-4EF8-BA4B-DC9E80D63BFF}.Debug|x86.ActiveCfg = Debug|Any CPU
		{BF3E834B-616A-4EF8-BA4B-DC9E80D63BFF}.Debug|x86.Build.0 = Debug|Any CPU
		{BF3E834B-616A-4EF8-BA4B-DC9E80D63BFF}.Release|Any CPU.ActiveCfg = Release|Any CPU
		{BF3E834B-616A-4EF8-BA4B-DC9E80D63BFF}.Release|Any CPU.Build.0 = Release|Any CPU
		{BF3E834B-616A-4EF8-BA4B-DC9E80D63BFF}.Release|ARM.ActiveCfg = Release|Any CPU
		{BF3E834B-616A-4EF8-BA4B-DC9E80D63BFF}.Release|ARM.Build.0 = Release|Any CPU
		{BF3E834B-616A-4EF8-BA4B-DC9E80D63BFF}.Release|iPhone.ActiveCfg = Release|Any CPU
		{BF3E834B-616A-4EF8-BA4B-DC9E80D63BFF}.Release|iPhone.Build.0 = Release|Any CPU
		{BF3E834B-616A-4EF8-BA4B-DC9E80D63BFF}.Release|iPhoneSimulator.ActiveCfg = Release|Any CPU
		{BF3E834B-616A-4EF8-BA4B-DC9E80D63BFF}.Release|iPhoneSimulator.Build.0 = Release|Any CPU
		{BF3E834B-616A-4EF8-BA4B-DC9E80D63BFF}.Release|x64.ActiveCfg = Release|Any CPU
		{BF3E834B-616A-4EF8-BA4B-DC9E80D63BFF}.Release|x64.Build.0 = Release|Any CPU
		{BF3E834B-616A-4EF8-BA4B-DC9E80D63BFF}.Release|x86.ActiveCfg = Release|Any CPU
		{BF3E834B-616A-4EF8-BA4B-DC9E80D63BFF}.Release|x86.Build.0 = Release|Any CPU
		{4C65D422-C993-4E90-85AB-BC496B502221}.Ad-Hoc|Any CPU.ActiveCfg = Release|Any CPU
		{4C65D422-C993-4E90-85AB-BC496B502221}.Ad-Hoc|Any CPU.Build.0 = Release|Any CPU
		{4C65D422-C993-4E90-85AB-BC496B502221}.Ad-Hoc|ARM.ActiveCfg = Release|Any CPU
		{4C65D422-C993-4E90-85AB-BC496B502221}.Ad-Hoc|ARM.Build.0 = Release|Any CPU
		{4C65D422-C993-4E90-85AB-BC496B502221}.Ad-Hoc|iPhone.ActiveCfg = Release|Any CPU
		{4C65D422-C993-4E90-85AB-BC496B502221}.Ad-Hoc|iPhone.Build.0 = Release|Any CPU
		{4C65D422-C993-4E90-85AB-BC496B502221}.Ad-Hoc|iPhoneSimulator.ActiveCfg = Release|Any CPU
		{4C65D422-C993-4E90-85AB-BC496B502221}.Ad-Hoc|iPhoneSimulator.Build.0 = Release|Any CPU
		{4C65D422-C993-4E90-85AB-BC496B502221}.Ad-Hoc|x64.ActiveCfg = Release|Any CPU
		{4C65D422-C993-4E90-85AB-BC496B502221}.Ad-Hoc|x64.Build.0 = Release|Any CPU
		{4C65D422-C993-4E90-85AB-BC496B502221}.Ad-Hoc|x86.ActiveCfg = Release|Any CPU
		{4C65D422-C993-4E90-85AB-BC496B502221}.Ad-Hoc|x86.Build.0 = Release|Any CPU
		{4C65D422-C993-4E90-85AB-BC496B502221}.AppStore|Any CPU.ActiveCfg = Release|Any CPU
		{4C65D422-C993-4E90-85AB-BC496B502221}.AppStore|Any CPU.Build.0 = Release|Any CPU
		{4C65D422-C993-4E90-85AB-BC496B502221}.AppStore|ARM.ActiveCfg = Release|Any CPU
		{4C65D422-C993-4E90-85AB-BC496B502221}.AppStore|ARM.Build.0 = Release|Any CPU
		{4C65D422-C993-4E90-85AB-BC496B502221}.AppStore|iPhone.ActiveCfg = Release|Any CPU
		{4C65D422-C993-4E90-85AB-BC496B502221}.AppStore|iPhone.Build.0 = Release|Any CPU
		{4C65D422-C993-4E90-85AB-BC496B502221}.AppStore|iPhoneSimulator.ActiveCfg = Release|Any CPU
		{4C65D422-C993-4E90-85AB-BC496B502221}.AppStore|iPhoneSimulator.Build.0 = Release|Any CPU
		{4C65D422-C993-4E90-85AB-BC496B502221}.AppStore|x64.ActiveCfg = Release|Any CPU
		{4C65D422-C993-4E90-85AB-BC496B502221}.AppStore|x64.Build.0 = Release|Any CPU
		{4C65D422-C993-4E90-85AB-BC496B502221}.AppStore|x86.ActiveCfg = Release|Any CPU
		{4C65D422-C993-4E90-85AB-BC496B502221}.AppStore|x86.Build.0 = Release|Any CPU
		{4C65D422-C993-4E90-85AB-BC496B502221}.Debug|Any CPU.ActiveCfg = Debug|Any CPU
		{4C65D422-C993-4E90-85AB-BC496B502221}.Debug|Any CPU.Build.0 = Debug|Any CPU
		{4C65D422-C993-4E90-85AB-BC496B502221}.Debug|ARM.ActiveCfg = Debug|Any CPU
		{4C65D422-C993-4E90-85AB-BC496B502221}.Debug|ARM.Build.0 = Debug|Any CPU
		{4C65D422-C993-4E90-85AB-BC496B502221}.Debug|iPhone.ActiveCfg = Debug|Any CPU
		{4C65D422-C993-4E90-85AB-BC496B502221}.Debug|iPhone.Build.0 = Debug|Any CPU
		{4C65D422-C993-4E90-85AB-BC496B502221}.Debug|iPhoneSimulator.ActiveCfg = Debug|Any CPU
		{4C65D422-C993-4E90-85AB-BC496B502221}.Debug|iPhoneSimulator.Build.0 = Debug|Any CPU
		{4C65D422-C993-4E90-85AB-BC496B502221}.Debug|x64.ActiveCfg = Debug|Any CPU
		{4C65D422-C993-4E90-85AB-BC496B502221}.Debug|x64.Build.0 = Debug|Any CPU
		{4C65D422-C993-4E90-85AB-BC496B502221}.Debug|x86.ActiveCfg = Debug|Any CPU
		{4C65D422-C993-4E90-85AB-BC496B502221}.Debug|x86.Build.0 = Debug|Any CPU
		{4C65D422-C993-4E90-85AB-BC496B502221}.Release|Any CPU.ActiveCfg = Release|Any CPU
		{4C65D422-C993-4E90-85AB-BC496B502221}.Release|Any CPU.Build.0 = Release|Any CPU
		{4C65D422-C993-4E90-85AB-BC496B502221}.Release|ARM.ActiveCfg = Release|Any CPU
		{4C65D422-C993-4E90-85AB-BC496B502221}.Release|ARM.Build.0 = Release|Any CPU
		{4C65D422-C993-4E90-85AB-BC496B502221}.Release|iPhone.ActiveCfg = Release|Any CPU
		{4C65D422-C993-4E90-85AB-BC496B502221}.Release|iPhone.Build.0 = Release|Any CPU
		{4C65D422-C993-4E90-85AB-BC496B502221}.Release|iPhoneSimulator.ActiveCfg = Release|Any CPU
		{4C65D422-C993-4E90-85AB-BC496B502221}.Release|iPhoneSimulator.Build.0 = Release|Any CPU
		{4C65D422-C993-4E90-85AB-BC496B502221}.Release|x64.ActiveCfg = Release|Any CPU
		{4C65D422-C993-4E90-85AB-BC496B502221}.Release|x64.Build.0 = Release|Any CPU
		{4C65D422-C993-4E90-85AB-BC496B502221}.Release|x86.ActiveCfg = Release|Any CPU
		{4C65D422-C993-4E90-85AB-BC496B502221}.Release|x86.Build.0 = Release|Any CPU
		{E25B5A07-A828-4B2A-B9E1-75FA6A0890B6}.Ad-Hoc|Any CPU.ActiveCfg = Release|Any CPU
		{E25B5A07-A828-4B2A-B9E1-75FA6A0890B6}.Ad-Hoc|Any CPU.Build.0 = Release|Any CPU
		{E25B5A07-A828-4B2A-B9E1-75FA6A0890B6}.Ad-Hoc|Any CPU.Deploy.0 = Release|Any CPU
		{E25B5A07-A828-4B2A-B9E1-75FA6A0890B6}.Ad-Hoc|ARM.ActiveCfg = Release|Any CPU
		{E25B5A07-A828-4B2A-B9E1-75FA6A0890B6}.Ad-Hoc|ARM.Build.0 = Release|Any CPU
		{E25B5A07-A828-4B2A-B9E1-75FA6A0890B6}.Ad-Hoc|ARM.Deploy.0 = Release|Any CPU
		{E25B5A07-A828-4B2A-B9E1-75FA6A0890B6}.Ad-Hoc|iPhone.ActiveCfg = Release|Any CPU
		{E25B5A07-A828-4B2A-B9E1-75FA6A0890B6}.Ad-Hoc|iPhone.Build.0 = Release|Any CPU
		{E25B5A07-A828-4B2A-B9E1-75FA6A0890B6}.Ad-Hoc|iPhone.Deploy.0 = Release|Any CPU
		{E25B5A07-A828-4B2A-B9E1-75FA6A0890B6}.Ad-Hoc|iPhoneSimulator.ActiveCfg = Release|Any CPU
		{E25B5A07-A828-4B2A-B9E1-75FA6A0890B6}.Ad-Hoc|iPhoneSimulator.Build.0 = Release|Any CPU
		{E25B5A07-A828-4B2A-B9E1-75FA6A0890B6}.Ad-Hoc|iPhoneSimulator.Deploy.0 = Release|Any CPU
		{E25B5A07-A828-4B2A-B9E1-75FA6A0890B6}.Ad-Hoc|x64.ActiveCfg = Release|Any CPU
		{E25B5A07-A828-4B2A-B9E1-75FA6A0890B6}.Ad-Hoc|x64.Build.0 = Release|Any CPU
		{E25B5A07-A828-4B2A-B9E1-75FA6A0890B6}.Ad-Hoc|x64.Deploy.0 = Release|Any CPU
		{E25B5A07-A828-4B2A-B9E1-75FA6A0890B6}.Ad-Hoc|x86.ActiveCfg = Release|Any CPU
		{E25B5A07-A828-4B2A-B9E1-75FA6A0890B6}.Ad-Hoc|x86.Build.0 = Release|Any CPU
		{E25B5A07-A828-4B2A-B9E1-75FA6A0890B6}.Ad-Hoc|x86.Deploy.0 = Release|Any CPU
		{E25B5A07-A828-4B2A-B9E1-75FA6A0890B6}.AppStore|Any CPU.ActiveCfg = Release|Any CPU
		{E25B5A07-A828-4B2A-B9E1-75FA6A0890B6}.AppStore|Any CPU.Build.0 = Release|Any CPU
		{E25B5A07-A828-4B2A-B9E1-75FA6A0890B6}.AppStore|Any CPU.Deploy.0 = Release|Any CPU
		{E25B5A07-A828-4B2A-B9E1-75FA6A0890B6}.AppStore|ARM.ActiveCfg = Release|Any CPU
		{E25B5A07-A828-4B2A-B9E1-75FA6A0890B6}.AppStore|ARM.Build.0 = Release|Any CPU
		{E25B5A07-A828-4B2A-B9E1-75FA6A0890B6}.AppStore|ARM.Deploy.0 = Release|Any CPU
		{E25B5A07-A828-4B2A-B9E1-75FA6A0890B6}.AppStore|iPhone.ActiveCfg = Release|Any CPU
		{E25B5A07-A828-4B2A-B9E1-75FA6A0890B6}.AppStore|iPhone.Build.0 = Release|Any CPU
		{E25B5A07-A828-4B2A-B9E1-75FA6A0890B6}.AppStore|iPhone.Deploy.0 = Release|Any CPU
		{E25B5A07-A828-4B2A-B9E1-75FA6A0890B6}.AppStore|iPhoneSimulator.ActiveCfg = Release|Any CPU
		{E25B5A07-A828-4B2A-B9E1-75FA6A0890B6}.AppStore|iPhoneSimulator.Build.0 = Release|Any CPU
		{E25B5A07-A828-4B2A-B9E1-75FA6A0890B6}.AppStore|iPhoneSimulator.Deploy.0 = Release|Any CPU
		{E25B5A07-A828-4B2A-B9E1-75FA6A0890B6}.AppStore|x64.ActiveCfg = Release|Any CPU
		{E25B5A07-A828-4B2A-B9E1-75FA6A0890B6}.AppStore|x64.Build.0 = Release|Any CPU
		{E25B5A07-A828-4B2A-B9E1-75FA6A0890B6}.AppStore|x64.Deploy.0 = Release|Any CPU
		{E25B5A07-A828-4B2A-B9E1-75FA6A0890B6}.AppStore|x86.ActiveCfg = Release|Any CPU
		{E25B5A07-A828-4B2A-B9E1-75FA6A0890B6}.AppStore|x86.Build.0 = Release|Any CPU
		{E25B5A07-A828-4B2A-B9E1-75FA6A0890B6}.AppStore|x86.Deploy.0 = Release|Any CPU
		{E25B5A07-A828-4B2A-B9E1-75FA6A0890B6}.Debug|Any CPU.ActiveCfg = Debug|Any CPU
		{E25B5A07-A828-4B2A-B9E1-75FA6A0890B6}.Debug|Any CPU.Build.0 = Debug|Any CPU
		{E25B5A07-A828-4B2A-B9E1-75FA6A0890B6}.Debug|Any CPU.Deploy.0 = Debug|Any CPU
		{E25B5A07-A828-4B2A-B9E1-75FA6A0890B6}.Debug|ARM.ActiveCfg = Debug|Any CPU
		{E25B5A07-A828-4B2A-B9E1-75FA6A0890B6}.Debug|ARM.Build.0 = Debug|Any CPU
		{E25B5A07-A828-4B2A-B9E1-75FA6A0890B6}.Debug|ARM.Deploy.0 = Debug|Any CPU
		{E25B5A07-A828-4B2A-B9E1-75FA6A0890B6}.Debug|iPhone.ActiveCfg = Debug|Any CPU
		{E25B5A07-A828-4B2A-B9E1-75FA6A0890B6}.Debug|iPhone.Build.0 = Debug|Any CPU
		{E25B5A07-A828-4B2A-B9E1-75FA6A0890B6}.Debug|iPhone.Deploy.0 = Debug|Any CPU
		{E25B5A07-A828-4B2A-B9E1-75FA6A0890B6}.Debug|iPhoneSimulator.ActiveCfg = Debug|Any CPU
		{E25B5A07-A828-4B2A-B9E1-75FA6A0890B6}.Debug|iPhoneSimulator.Build.0 = Debug|Any CPU
		{E25B5A07-A828-4B2A-B9E1-75FA6A0890B6}.Debug|iPhoneSimulator.Deploy.0 = Debug|Any CPU
		{E25B5A07-A828-4B2A-B9E1-75FA6A0890B6}.Debug|x64.ActiveCfg = Debug|Any CPU
		{E25B5A07-A828-4B2A-B9E1-75FA6A0890B6}.Debug|x64.Build.0 = Debug|Any CPU
		{E25B5A07-A828-4B2A-B9E1-75FA6A0890B6}.Debug|x64.Deploy.0 = Debug|Any CPU
		{E25B5A07-A828-4B2A-B9E1-75FA6A0890B6}.Debug|x86.ActiveCfg = Debug|Any CPU
		{E25B5A07-A828-4B2A-B9E1-75FA6A0890B6}.Debug|x86.Build.0 = Debug|Any CPU
		{E25B5A07-A828-4B2A-B9E1-75FA6A0890B6}.Debug|x86.Deploy.0 = Debug|Any CPU
		{E25B5A07-A828-4B2A-B9E1-75FA6A0890B6}.Release|Any CPU.ActiveCfg = Release|Any CPU
		{E25B5A07-A828-4B2A-B9E1-75FA6A0890B6}.Release|Any CPU.Build.0 = Release|Any CPU
		{E25B5A07-A828-4B2A-B9E1-75FA6A0890B6}.Release|Any CPU.Deploy.0 = Release|Any CPU
		{E25B5A07-A828-4B2A-B9E1-75FA6A0890B6}.Release|ARM.ActiveCfg = Release|Any CPU
		{E25B5A07-A828-4B2A-B9E1-75FA6A0890B6}.Release|ARM.Build.0 = Release|Any CPU
		{E25B5A07-A828-4B2A-B9E1-75FA6A0890B6}.Release|ARM.Deploy.0 = Release|Any CPU
		{E25B5A07-A828-4B2A-B9E1-75FA6A0890B6}.Release|iPhone.ActiveCfg = Release|Any CPU
		{E25B5A07-A828-4B2A-B9E1-75FA6A0890B6}.Release|iPhone.Build.0 = Release|Any CPU
		{E25B5A07-A828-4B2A-B9E1-75FA6A0890B6}.Release|iPhone.Deploy.0 = Release|Any CPU
		{E25B5A07-A828-4B2A-B9E1-75FA6A0890B6}.Release|iPhoneSimulator.ActiveCfg = Release|Any CPU
		{E25B5A07-A828-4B2A-B9E1-75FA6A0890B6}.Release|iPhoneSimulator.Build.0 = Release|Any CPU
		{E25B5A07-A828-4B2A-B9E1-75FA6A0890B6}.Release|iPhoneSimulator.Deploy.0 = Release|Any CPU
		{E25B5A07-A828-4B2A-B9E1-75FA6A0890B6}.Release|x64.ActiveCfg = Release|Any CPU
		{E25B5A07-A828-4B2A-B9E1-75FA6A0890B6}.Release|x64.Build.0 = Release|Any CPU
		{E25B5A07-A828-4B2A-B9E1-75FA6A0890B6}.Release|x64.Deploy.0 = Release|Any CPU
		{E25B5A07-A828-4B2A-B9E1-75FA6A0890B6}.Release|x86.ActiveCfg = Release|Any CPU
		{E25B5A07-A828-4B2A-B9E1-75FA6A0890B6}.Release|x86.Build.0 = Release|Any CPU
		{E25B5A07-A828-4B2A-B9E1-75FA6A0890B6}.Release|x86.Deploy.0 = Release|Any CPU
		{A9108782-9CD1-48ED-B5CF-D136ABB044E9}.Ad-Hoc|Any CPU.ActiveCfg = Ad-Hoc|iPhone
		{A9108782-9CD1-48ED-B5CF-D136ABB044E9}.Ad-Hoc|ARM.ActiveCfg = Ad-Hoc|iPhone
		{A9108782-9CD1-48ED-B5CF-D136ABB044E9}.Ad-Hoc|iPhone.ActiveCfg = Ad-Hoc|iPhone
		{A9108782-9CD1-48ED-B5CF-D136ABB044E9}.Ad-Hoc|iPhone.Build.0 = Ad-Hoc|iPhone
		{A9108782-9CD1-48ED-B5CF-D136ABB044E9}.Ad-Hoc|iPhoneSimulator.ActiveCfg = Ad-Hoc|iPhoneSimulator
		{A9108782-9CD1-48ED-B5CF-D136ABB044E9}.Ad-Hoc|iPhoneSimulator.Build.0 = Ad-Hoc|iPhoneSimulator
		{A9108782-9CD1-48ED-B5CF-D136ABB044E9}.Ad-Hoc|x64.ActiveCfg = Ad-Hoc|iPhone
		{A9108782-9CD1-48ED-B5CF-D136ABB044E9}.Ad-Hoc|x86.ActiveCfg = Ad-Hoc|iPhone
		{A9108782-9CD1-48ED-B5CF-D136ABB044E9}.AppStore|Any CPU.ActiveCfg = AppStore|iPhone
		{A9108782-9CD1-48ED-B5CF-D136ABB044E9}.AppStore|ARM.ActiveCfg = AppStore|iPhone
		{A9108782-9CD1-48ED-B5CF-D136ABB044E9}.AppStore|iPhone.ActiveCfg = AppStore|iPhone
		{A9108782-9CD1-48ED-B5CF-D136ABB044E9}.AppStore|iPhone.Build.0 = AppStore|iPhone
		{A9108782-9CD1-48ED-B5CF-D136ABB044E9}.AppStore|iPhoneSimulator.ActiveCfg = AppStore|iPhoneSimulator
		{A9108782-9CD1-48ED-B5CF-D136ABB044E9}.AppStore|iPhoneSimulator.Build.0 = AppStore|iPhoneSimulator
		{A9108782-9CD1-48ED-B5CF-D136ABB044E9}.AppStore|x64.ActiveCfg = AppStore|iPhone
		{A9108782-9CD1-48ED-B5CF-D136ABB044E9}.AppStore|x86.ActiveCfg = AppStore|iPhone
		{A9108782-9CD1-48ED-B5CF-D136ABB044E9}.Debug|Any CPU.ActiveCfg = Debug|iPhone
		{A9108782-9CD1-48ED-B5CF-D136ABB044E9}.Debug|ARM.ActiveCfg = Debug|iPhone
		{A9108782-9CD1-48ED-B5CF-D136ABB044E9}.Debug|iPhone.ActiveCfg = Debug|iPhone
		{A9108782-9CD1-48ED-B5CF-D136ABB044E9}.Debug|iPhone.Build.0 = Debug|iPhone
		{A9108782-9CD1-48ED-B5CF-D136ABB044E9}.Debug|iPhoneSimulator.ActiveCfg = Debug|iPhoneSimulator
		{A9108782-9CD1-48ED-B5CF-D136ABB044E9}.Debug|iPhoneSimulator.Build.0 = Debug|iPhoneSimulator
		{A9108782-9CD1-48ED-B5CF-D136ABB044E9}.Debug|x64.ActiveCfg = Debug|iPhone
		{A9108782-9CD1-48ED-B5CF-D136ABB044E9}.Debug|x86.ActiveCfg = Debug|iPhone
		{A9108782-9CD1-48ED-B5CF-D136ABB044E9}.Release|Any CPU.ActiveCfg = Release|iPhone
		{A9108782-9CD1-48ED-B5CF-D136ABB044E9}.Release|ARM.ActiveCfg = Release|iPhone
		{A9108782-9CD1-48ED-B5CF-D136ABB044E9}.Release|iPhone.ActiveCfg = Release|iPhone
		{A9108782-9CD1-48ED-B5CF-D136ABB044E9}.Release|iPhone.Build.0 = Release|iPhone
		{A9108782-9CD1-48ED-B5CF-D136ABB044E9}.Release|iPhoneSimulator.ActiveCfg = Release|iPhoneSimulator
		{A9108782-9CD1-48ED-B5CF-D136ABB044E9}.Release|iPhoneSimulator.Build.0 = Release|iPhoneSimulator
		{A9108782-9CD1-48ED-B5CF-D136ABB044E9}.Release|x64.ActiveCfg = Release|iPhone
		{A9108782-9CD1-48ED-B5CF-D136ABB044E9}.Release|x86.ActiveCfg = Release|iPhone
		{D17C2F67-550C-43C8-B0CD-428E110C1D66}.Ad-Hoc|Any CPU.ActiveCfg = Release|x86
		{D17C2F67-550C-43C8-B0CD-428E110C1D66}.Ad-Hoc|Any CPU.Build.0 = Release|x86
		{D17C2F67-550C-43C8-B0CD-428E110C1D66}.Ad-Hoc|Any CPU.Deploy.0 = Release|x86
		{D17C2F67-550C-43C8-B0CD-428E110C1D66}.Ad-Hoc|ARM.ActiveCfg = Release|ARM
		{D17C2F67-550C-43C8-B0CD-428E110C1D66}.Ad-Hoc|ARM.Build.0 = Release|ARM
		{D17C2F67-550C-43C8-B0CD-428E110C1D66}.Ad-Hoc|ARM.Deploy.0 = Release|ARM
		{D17C2F67-550C-43C8-B0CD-428E110C1D66}.Ad-Hoc|iPhone.ActiveCfg = Release|x86
		{D17C2F67-550C-43C8-B0CD-428E110C1D66}.Ad-Hoc|iPhone.Build.0 = Release|x86
		{D17C2F67-550C-43C8-B0CD-428E110C1D66}.Ad-Hoc|iPhone.Deploy.0 = Release|x86
		{D17C2F67-550C-43C8-B0CD-428E110C1D66}.Ad-Hoc|iPhoneSimulator.ActiveCfg = Release|x86
		{D17C2F67-550C-43C8-B0CD-428E110C1D66}.Ad-Hoc|iPhoneSimulator.Build.0 = Release|x86
		{D17C2F67-550C-43C8-B0CD-428E110C1D66}.Ad-Hoc|iPhoneSimulator.Deploy.0 = Release|x86
		{D17C2F67-550C-43C8-B0CD-428E110C1D66}.Ad-Hoc|x64.ActiveCfg = Release|x64
		{D17C2F67-550C-43C8-B0CD-428E110C1D66}.Ad-Hoc|x64.Build.0 = Release|x64
		{D17C2F67-550C-43C8-B0CD-428E110C1D66}.Ad-Hoc|x64.Deploy.0 = Release|x64
		{D17C2F67-550C-43C8-B0CD-428E110C1D66}.Ad-Hoc|x86.ActiveCfg = Release|x86
		{D17C2F67-550C-43C8-B0CD-428E110C1D66}.Ad-Hoc|x86.Build.0 = Release|x86
		{D17C2F67-550C-43C8-B0CD-428E110C1D66}.Ad-Hoc|x86.Deploy.0 = Release|x86
		{D17C2F67-550C-43C8-B0CD-428E110C1D66}.AppStore|Any CPU.ActiveCfg = Release|x86
		{D17C2F67-550C-43C8-B0CD-428E110C1D66}.AppStore|Any CPU.Build.0 = Release|x86
		{D17C2F67-550C-43C8-B0CD-428E110C1D66}.AppStore|Any CPU.Deploy.0 = Release|x86
		{D17C2F67-550C-43C8-B0CD-428E110C1D66}.AppStore|ARM.ActiveCfg = Release|ARM
		{D17C2F67-550C-43C8-B0CD-428E110C1D66}.AppStore|ARM.Build.0 = Release|ARM
		{D17C2F67-550C-43C8-B0CD-428E110C1D66}.AppStore|ARM.Deploy.0 = Release|ARM
		{D17C2F67-550C-43C8-B0CD-428E110C1D66}.AppStore|iPhone.ActiveCfg = Release|x86
		{D17C2F67-550C-43C8-B0CD-428E110C1D66}.AppStore|iPhone.Build.0 = Release|x86
		{D17C2F67-550C-43C8-B0CD-428E110C1D66}.AppStore|iPhone.Deploy.0 = Release|x86
		{D17C2F67-550C-43C8-B0CD-428E110C1D66}.AppStore|iPhoneSimulator.ActiveCfg = Release|x86
		{D17C2F67-550C-43C8-B0CD-428E110C1D66}.AppStore|iPhoneSimulator.Build.0 = Release|x86
		{D17C2F67-550C-43C8-B0CD-428E110C1D66}.AppStore|iPhoneSimulator.Deploy.0 = Release|x86
		{D17C2F67-550C-43C8-B0CD-428E110C1D66}.AppStore|x64.ActiveCfg = Release|x64
		{D17C2F67-550C-43C8-B0CD-428E110C1D66}.AppStore|x64.Build.0 = Release|x64
		{D17C2F67-550C-43C8-B0CD-428E110C1D66}.AppStore|x64.Deploy.0 = Release|x64
		{D17C2F67-550C-43C8-B0CD-428E110C1D66}.AppStore|x86.ActiveCfg = Release|x86
		{D17C2F67-550C-43C8-B0CD-428E110C1D66}.AppStore|x86.Build.0 = Release|x86
		{D17C2F67-550C-43C8-B0CD-428E110C1D66}.AppStore|x86.Deploy.0 = Release|x86
		{D17C2F67-550C-43C8-B0CD-428E110C1D66}.Debug|Any CPU.ActiveCfg = Debug|x86
		{D17C2F67-550C-43C8-B0CD-428E110C1D66}.Debug|ARM.ActiveCfg = Debug|ARM
		{D17C2F67-550C-43C8-B0CD-428E110C1D66}.Debug|ARM.Build.0 = Debug|ARM
		{D17C2F67-550C-43C8-B0CD-428E110C1D66}.Debug|ARM.Deploy.0 = Debug|ARM
		{D17C2F67-550C-43C8-B0CD-428E110C1D66}.Debug|iPhone.ActiveCfg = Debug|x86
		{D17C2F67-550C-43C8-B0CD-428E110C1D66}.Debug|iPhoneSimulator.ActiveCfg = Debug|x86
		{D17C2F67-550C-43C8-B0CD-428E110C1D66}.Debug|x64.ActiveCfg = Debug|x64
		{D17C2F67-550C-43C8-B0CD-428E110C1D66}.Debug|x64.Build.0 = Debug|x64
		{D17C2F67-550C-43C8-B0CD-428E110C1D66}.Debug|x64.Deploy.0 = Debug|x64
		{D17C2F67-550C-43C8-B0CD-428E110C1D66}.Debug|x86.ActiveCfg = Debug|x86
		{D17C2F67-550C-43C8-B0CD-428E110C1D66}.Debug|x86.Build.0 = Debug|x86
		{D17C2F67-550C-43C8-B0CD-428E110C1D66}.Debug|x86.Deploy.0 = Debug|x86
		{D17C2F67-550C-43C8-B0CD-428E110C1D66}.Release|Any CPU.ActiveCfg = Release|x86
		{D17C2F67-550C-43C8-B0CD-428E110C1D66}.Release|ARM.ActiveCfg = Release|ARM
		{D17C2F67-550C-43C8-B0CD-428E110C1D66}.Release|ARM.Build.0 = Release|ARM
		{D17C2F67-550C-43C8-B0CD-428E110C1D66}.Release|ARM.Deploy.0 = Release|ARM
		{D17C2F67-550C-43C8-B0CD-428E110C1D66}.Release|iPhone.ActiveCfg = Release|x86
		{D17C2F67-550C-43C8-B0CD-428E110C1D66}.Release|iPhoneSimulator.ActiveCfg = Release|x86
		{D17C2F67-550C-43C8-B0CD-428E110C1D66}.Release|x64.ActiveCfg = Release|x64
		{D17C2F67-550C-43C8-B0CD-428E110C1D66}.Release|x64.Build.0 = Release|x64
		{D17C2F67-550C-43C8-B0CD-428E110C1D66}.Release|x64.Deploy.0 = Release|x64
		{D17C2F67-550C-43C8-B0CD-428E110C1D66}.Release|x86.ActiveCfg = Release|x86
		{D17C2F67-550C-43C8-B0CD-428E110C1D66}.Release|x86.Build.0 = Release|x86
		{D17C2F67-550C-43C8-B0CD-428E110C1D66}.Release|x86.Deploy.0 = Release|x86
		{CBDB5288-8ED4-4338-B8FE-59D4AB61F88F}.Ad-Hoc|Any CPU.ActiveCfg = Debug|Any CPU
		{CBDB5288-8ED4-4338-B8FE-59D4AB61F88F}.Ad-Hoc|Any CPU.Build.0 = Debug|Any CPU
		{CBDB5288-8ED4-4338-B8FE-59D4AB61F88F}.Ad-Hoc|ARM.ActiveCfg = Debug|Any CPU
		{CBDB5288-8ED4-4338-B8FE-59D4AB61F88F}.Ad-Hoc|ARM.Build.0 = Debug|Any CPU
		{CBDB5288-8ED4-4338-B8FE-59D4AB61F88F}.Ad-Hoc|iPhone.ActiveCfg = Debug|Any CPU
		{CBDB5288-8ED4-4338-B8FE-59D4AB61F88F}.Ad-Hoc|iPhone.Build.0 = Debug|Any CPU
		{CBDB5288-8ED4-4338-B8FE-59D4AB61F88F}.Ad-Hoc|iPhoneSimulator.ActiveCfg = Debug|Any CPU
		{CBDB5288-8ED4-4338-B8FE-59D4AB61F88F}.Ad-Hoc|iPhoneSimulator.Build.0 = Debug|Any CPU
		{CBDB5288-8ED4-4338-B8FE-59D4AB61F88F}.Ad-Hoc|x64.ActiveCfg = Debug|Any CPU
		{CBDB5288-8ED4-4338-B8FE-59D4AB61F88F}.Ad-Hoc|x64.Build.0 = Debug|Any CPU
		{CBDB5288-8ED4-4338-B8FE-59D4AB61F88F}.Ad-Hoc|x86.ActiveCfg = Debug|Any CPU
		{CBDB5288-8ED4-4338-B8FE-59D4AB61F88F}.Ad-Hoc|x86.Build.0 = Debug|Any CPU
		{CBDB5288-8ED4-4338-B8FE-59D4AB61F88F}.AppStore|Any CPU.ActiveCfg = Debug|Any CPU
		{CBDB5288-8ED4-4338-B8FE-59D4AB61F88F}.AppStore|Any CPU.Build.0 = Debug|Any CPU
		{CBDB5288-8ED4-4338-B8FE-59D4AB61F88F}.AppStore|ARM.ActiveCfg = Debug|Any CPU
		{CBDB5288-8ED4-4338-B8FE-59D4AB61F88F}.AppStore|ARM.Build.0 = Debug|Any CPU
		{CBDB5288-8ED4-4338-B8FE-59D4AB61F88F}.AppStore|iPhone.ActiveCfg = Debug|Any CPU
		{CBDB5288-8ED4-4338-B8FE-59D4AB61F88F}.AppStore|iPhone.Build.0 = Debug|Any CPU
		{CBDB5288-8ED4-4338-B8FE-59D4AB61F88F}.AppStore|iPhoneSimulator.ActiveCfg = Debug|Any CPU
		{CBDB5288-8ED4-4338-B8FE-59D4AB61F88F}.AppStore|iPhoneSimulator.Build.0 = Debug|Any CPU
		{CBDB5288-8ED4-4338-B8FE-59D4AB61F88F}.AppStore|x64.ActiveCfg = Debug|Any CPU
		{CBDB5288-8ED4-4338-B8FE-59D4AB61F88F}.AppStore|x64.Build.0 = Debug|Any CPU
		{CBDB5288-8ED4-4338-B8FE-59D4AB61F88F}.AppStore|x86.ActiveCfg = Debug|Any CPU
		{CBDB5288-8ED4-4338-B8FE-59D4AB61F88F}.AppStore|x86.Build.0 = Debug|Any CPU
		{CBDB5288-8ED4-4338-B8FE-59D4AB61F88F}.Debug|Any CPU.ActiveCfg = Debug|Any CPU
		{CBDB5288-8ED4-4338-B8FE-59D4AB61F88F}.Debug|Any CPU.Build.0 = Debug|Any CPU
		{CBDB5288-8ED4-4338-B8FE-59D4AB61F88F}.Debug|ARM.ActiveCfg = Debug|Any CPU
		{CBDB5288-8ED4-4338-B8FE-59D4AB61F88F}.Debug|ARM.Build.0 = Debug|Any CPU
		{CBDB5288-8ED4-4338-B8FE-59D4AB61F88F}.Debug|iPhone.ActiveCfg = Debug|Any CPU
		{CBDB5288-8ED4-4338-B8FE-59D4AB61F88F}.Debug|iPhone.Build.0 = Debug|Any CPU
		{CBDB5288-8ED4-4338-B8FE-59D4AB61F88F}.Debug|iPhoneSimulator.ActiveCfg = Debug|Any CPU
		{CBDB5288-8ED4-4338-B8FE-59D4AB61F88F}.Debug|iPhoneSimulator.Build.0 = Debug|Any CPU
		{CBDB5288-8ED4-4338-B8FE-59D4AB61F88F}.Debug|x64.ActiveCfg = Debug|Any CPU
		{CBDB5288-8ED4-4338-B8FE-59D4AB61F88F}.Debug|x64.Build.0 = Debug|Any CPU
		{CBDB5288-8ED4-4338-B8FE-59D4AB61F88F}.Debug|x86.ActiveCfg = Debug|Any CPU
		{CBDB5288-8ED4-4338-B8FE-59D4AB61F88F}.Debug|x86.Build.0 = Debug|Any CPU
		{CBDB5288-8ED4-4338-B8FE-59D4AB61F88F}.Release|Any CPU.ActiveCfg = Release|Any CPU
		{CBDB5288-8ED4-4338-B8FE-59D4AB61F88F}.Release|Any CPU.Build.0 = Release|Any CPU
		{CBDB5288-8ED4-4338-B8FE-59D4AB61F88F}.Release|ARM.ActiveCfg = Release|Any CPU
		{CBDB5288-8ED4-4338-B8FE-59D4AB61F88F}.Release|ARM.Build.0 = Release|Any CPU
		{CBDB5288-8ED4-4338-B8FE-59D4AB61F88F}.Release|iPhone.ActiveCfg = Release|Any CPU
		{CBDB5288-8ED4-4338-B8FE-59D4AB61F88F}.Release|iPhone.Build.0 = Release|Any CPU
		{CBDB5288-8ED4-4338-B8FE-59D4AB61F88F}.Release|iPhoneSimulator.ActiveCfg = Release|Any CPU
		{CBDB5288-8ED4-4338-B8FE-59D4AB61F88F}.Release|iPhoneSimulator.Build.0 = Release|Any CPU
		{CBDB5288-8ED4-4338-B8FE-59D4AB61F88F}.Release|x64.ActiveCfg = Release|Any CPU
		{CBDB5288-8ED4-4338-B8FE-59D4AB61F88F}.Release|x64.Build.0 = Release|Any CPU
		{CBDB5288-8ED4-4338-B8FE-59D4AB61F88F}.Release|x86.ActiveCfg = Release|Any CPU
		{CBDB5288-8ED4-4338-B8FE-59D4AB61F88F}.Release|x86.Build.0 = Release|Any CPU
	EndGlobalSection
	GlobalSection(SolutionProperties) = preSolution
		HideSolutionNode = FALSE
	EndGlobalSection
	GlobalSection(ExtensibilityGlobals) = postSolution
		SolutionGuid = {A878FD56-C02C-4E88-BF96-87C6878047B0}
	EndGlobalSection
EndGlobal
